{
  "name": "wellgood",
  "version": "1.0.0",
  "lockfileVersion": 3,
  "requires": true,
  "packages": {
    "": {
      "name": "wellgood",
      "version": "1.0.0",
      "license": "ISC",
      "dependencies": {
        "bulma": "^0.9.4",
        "imaskjs": "^1.1.1",
        "jquery": "^3.6.4"
      }
    },
    "node_modules/bulma": {
      "version": "0.9.4",
      "resolved": "https://registry.npmjs.org/bulma/-/bulma-0.9.4.tgz",
      "integrity": "sha512-86FlT5+1GrsgKbPLRRY7cGDg8fsJiP/jzTqXXVqiUZZ2aZT8uemEOHlU1CDU+TxklPEZ11HZNNWclRBBecP4CQ=="
    },
    "node_modules/imaskjs": {
      "version": "1.1.1",
      "resolved": "https://registry.npmjs.org/imaskjs/-/imaskjs-1.1.1.tgz",
      "integrity": "sha512-luy1z5KmDJER/3SP252Uhxpwaq8BlJHFzi0hyEHfEYqDad+oBvXC/FVEvLHW6+3H7UuuZg/LULrGV2aQoLaBtA==",
      "deprecated": "WARNING: This module has been renamed to 'imask'. Please install it instead."
    },
    "node_modules/jquery": {
      "version": "3.6.4",
      "resolved": "https://registry.npmjs.org/jquery/-/jquery-3.6.4.tgz",
      "integrity": "sha512-v28EW9DWDFpzcD9O5iyJXg3R3+q+mET5JhnjJzQUZMHOv67bpSIHq81GEYpPNZHG+XXHsfSme3nxp/hndKEcsQ=="
    }
  }
}
